
Microsoft Visual Studio Solution File, Format Version 12.00
Project("{FAE04EC0-301F-11D3-BF4B-00C04F79EFBC}") = "HesiasFleet.API", "HesiasFleet.API\HesiasFleet.API.csproj", "{6122C642-F7DD-4700-82AA-501E87A15AE4}"
EndProject
Project("{FAE04EC0-301F-11D3-BF4B-00C04F79EFBC}") = "HesiasFleet.Core", "HesiasFleet.Core\HesiasFleet.Core.csproj", "{44647190-C68D-4F0A-B31D-FC743F91E7BA}"
EndProject
Project("{FAE04EC0-301F-11D3-BF4B-00C04F79EFBC}") = "HesiasFleet.Infrastructure", "HesiasFleet.Infrastructure\HesiasFleet.Infrastructure.csproj", "{CE445B86-D72D-408A-AE67-1D7D7A07FCA1}"
EndProject
Global
	GlobalSection(SolutionConfigurationPlatforms) = preSolution
		Debug|Any CPU = Debug|Any CPU
		Release|Any CPU = Release|Any CPU
	EndGlobalSection
	GlobalSection(ProjectConfigurationPlatforms) = postSolution
		{6122C642-F7DD-4700-82AA-501E87A15AE4}.Debug|Any CPU.ActiveCfg = Debug|Any CPU
		{6122C642-F7DD-4700-82AA-501E87A15AE4}.Debug|Any CPU.Build.0 = Debug|Any CPU
		{6122C642-F7DD-4700-82AA-501E87A15AE4}.Release|Any CPU.ActiveCfg = Release|Any CPU
		{6122C642-F7DD-4700-82AA-501E87A15AE4}.Release|Any CPU.Build.0 = Release|Any CPU
		{44647190-C68D-4F0A-B31D-FC743F91E7BA}.Debug|Any CPU.ActiveCfg = Debug|Any CPU
		{44647190-C68D-4F0A-B31D-FC743F91E7BA}.Debug|Any CPU.Build.0 = Debug|Any CPU
		{44647190-C68D-4F0A-B31D-FC743F91E7BA}.Release|Any CPU.ActiveCfg = Release|Any CPU
		{44647190-C68D-4F0A-B31D-FC743F91E7BA}.Release|Any CPU.Build.0 = Release|Any CPU
		{CE445B86-D72D-408A-AE67-1D7D7A07FCA1}.Debug|Any CPU.ActiveCfg = Debug|Any CPU
		{CE445B86-D72D-408A-AE67-1D7D7A07FCA1}.Debug|Any CPU.Build.0 = Debug|Any CPU
		{CE445B86-D72D-408A-AE67-1D7D7A07FCA1}.Release|Any CPU.ActiveCfg = Release|Any CPU
		{CE445B86-D72D-408A-AE67-1D7D7A07FCA1}.Release|Any CPU.Build.0 = Release|Any CPU
	EndGlobalSection
EndGlobal
